
Microsoft Visual Studio Solution File, Format Version 12.00
# Visual Studio Version 16
VisualStudioVersion = 16.0.31321.278
MinimumVisualStudioVersion = 10.0.40219.1
Project("{FAE04EC0-301F-11D3-BF4B-00C04F79EFBC}") = "Major_Shopping_Application", "Major_Shopping_Application\Major_Shopping_Application.csproj", "{898522F6-DA28-4D56-B02A-7EBE0664A794}"
EndProject
Project("{FAE04EC0-301F-11D3-BF4B-00C04F79EFBC}") = "ShoppingBAL", "ShoppingBal\ShoppingBal\ShoppingBAL.csproj", "{36BFE9C2-5169-4E5B-B385-4B677D1A8585}"
EndProject
Project("{FAE04EC0-301F-11D3-BF4B-00C04F79EFBC}") = "ShoopingDAL", "ShoopingDAL\ShoopingDAL.csproj", "{98199D05-CC66-4B61-B1CB-F95AB5AD226A}"
EndProject
Global
	GlobalSection(SolutionConfigurationPlatforms) = preSolution
		Debug|Any CPU = Debug|Any CPU
		Release|Any CPU = Release|Any CPU
	EndGlobalSection
	GlobalSection(ProjectConfigurationPlatforms) = postSolution
		{898522F6-DA28-4D56-B02A-7EBE0664A794}.Debug|Any CPU.ActiveCfg = Debug|Any CPU
		{898522F6-DA28-4D56-B02A-7EBE0664A794}.Debug|Any CPU.Build.0 = Debug|Any CPU
		{898522F6-DA28-4D56-B02A-7EBE0664A794}.Release|Any CPU.ActiveCfg = Release|Any CPU
		{898522F6-DA28-4D56-B02A-7EBE0664A794}.Release|Any CPU.Build.0 = Release|Any CPU
		{36BFE9C2-5169-4E5B-B385-4B677D1A8585}.Debug|Any CPU.ActiveCfg = Debug|Any CPU
		{36BFE9C2-5169-4E5B-B385-4B677D1A8585}.Debug|Any CPU.Build.0 = Debug|Any CPU
		{36BFE9C2-5169-4E5B-B385-4B677D1A8585}.Release|Any CPU.ActiveCfg = Release|Any CPU
		{36BFE9C2-5169-4E5B-B385-4B677D1A8585}.Release|Any CPU.Build.0 = Release|Any CPU
		{98199D05-CC66-4B61-B1CB-F95AB5AD226A}.Debug|Any CPU.ActiveCfg = Debug|Any CPU
		{98199D05-CC66-4B61-B1CB-F95AB5AD226A}.Debug|Any CPU.Build.0 = Debug|Any CPU
		{98199D05-CC66-4B61-B1CB-F95AB5AD226A}.Release|Any CPU.ActiveCfg = Release|Any CPU
		{98199D05-CC66-4B61-B1CB-F95AB5AD226A}.Release|Any CPU.Build.0 = Release|Any CPU
	EndGlobalSection
	GlobalSection(SolutionProperties) = preSolution
		HideSolutionNode = FALSE
	EndGlobalSection
	GlobalSection(ExtensibilityGlobals) = postSolution
		SolutionGuid = {31E3447B-82CD-4016-8259-58E939C87C02}
	EndGlobalSection
EndGlobal
